
Microsoft Visual Studio Solution File, Format Version 12.00
# Visual Studio 14
VisualStudioVersion = 14.0.25420.1
MinimumVisualStudioVersion = 10.0.40219.1
Project("{FAE04EC0-301F-11D3-BF4B-00C04F79EFBC}") = "BLL", "BLL\BLL.csproj", "{EBCE787B-1E1F-473B-BF73-57FFB55373A4}"
EndProject
Project("{FAE04EC0-301F-11D3-BF4B-00C04F79EFBC}") = "DAL", "DAL\DAL.csproj", "{5E725CFA-60F7-49D0-9019-B2F678F8BCA0}"
EndProject
Project("{FAE04EC0-301F-11D3-BF4B-00C04F79EFBC}") = "GUI", "GUI\GUI.csproj", "{B789901D-7D70-4C78-9C30-21A63435596D}"
EndProject
Global
	GlobalSection(SolutionConfigurationPlatforms) = preSolution
		Debug|Any CPU = Debug|Any CPU
		Release|Any CPU = Release|Any CPU
	EndGlobalSection
	GlobalSection(ProjectConfigurationPlatforms) = postSolution
		{EBCE787B-1E1F-473B-BF73-57FFB55373A4}.Debug|Any CPU.ActiveCfg = Debug|Any CPU
		{EBCE787B-1E1F-473B-BF73-57FFB55373A4}.Debug|Any CPU.Build.0 = Debug|Any CPU
		{EBCE787B-1E1F-473B-BF73-57FFB55373A4}.Release|Any CPU.ActiveCfg = Release|Any CPU
		{EBCE787B-1E1F-473B-BF73-57FFB55373A4}.Release|Any CPU.Build.0 = Release|Any CPU
		{5E725CFA-60F7-49D0-9019-B2F678F8BCA0}.Debug|Any CPU.ActiveCfg = Debug|Any CPU
		{5E725CFA-60F7-49D0-9019-B2F678F8BCA0}.Debug|Any CPU.Build.0 = Debug|Any CPU
		{5E725CFA-60F7-49D0-9019-B2F678F8BCA0}.Release|Any CPU.ActiveCfg = Release|Any CPU
		{5E725CFA-60F7-49D0-9019-B2F678F8BCA0}.Release|Any CPU.Build.0 = Release|Any CPU
		{B789901D-7D70-4C78-9C30-21A63435596D}.Debug|Any CPU.ActiveCfg = Debug|Any CPU
		{B789901D-7D70-4C78-9C30-21A63435596D}.Debug|Any CPU.Build.0 = Debug|Any CPU
		{B789901D-7D70-4C78-9C30-21A63435596D}.Release|Any CPU.ActiveCfg = Release|Any CPU
		{B789901D-7D70-4C78-9C30-21A63435596D}.Release|Any CPU.Build.0 = Release|Any CPU
	EndGlobalSection
	GlobalSection(SolutionProperties) = preSolution
		HideSolutionNode = FALSE
	EndGlobalSection
EndGlobal
